
Microsoft Visual Studio Solution File, Format Version 12.00
# Visual Studio Version 17
VisualStudioVersion = 17.10.35013.160
MinimumVisualStudioVersion = 10.0.40219.1
Project("{FAE04EC0-301F-11D3-BF4B-00C04F79EFBC}") = "CustomerCRUD", "CustomerCRUD\CustomerCRUD.csproj", "{EDD2CC81-5EEE-4807-9E4D-D632EB8267A2}"
EndProject
Global
	GlobalSection(SolutionConfigurationPlatforms) = preSolution
		Debug|Any CPU = Debug|Any CPU
		Release|Any CPU = Release|Any CPU
	EndGlobalSection
	GlobalSection(ProjectConfigurationPlatforms) = postSolution
		{EDD2CC81-5EEE-4807-9E4D-D632EB8267A2}.Debug|Any CPU.ActiveCfg = Debug|Any CPU
		{EDD2CC81-5EEE-4807-9E4D-D632EB8267A2}.Debug|Any CPU.Build.0 = Debug|Any CPU
		{EDD2CC81-5EEE-4807-9E4D-D632EB8267A2}.Release|Any CPU.ActiveCfg = Release|Any CPU
		{EDD2CC81-5EEE-4807-9E4D-D632EB8267A2}.Release|Any CPU.Build.0 = Release|Any CPU
	EndGlobalSection
	GlobalSection(SolutionProperties) = preSolution
		HideSolutionNode = FALSE
	EndGlobalSection
	GlobalSection(ExtensibilityGlobals) = postSolution
		SolutionGuid = {A5CA1570-B7FC-49D7-A72B-F5511EDEB742}
	EndGlobalSection
EndGlobal
